
Microsoft Visual Studio Solution File, Format Version 12.00
# Visual Studio Version 16
VisualStudioVersion = 16.0.30621.155
MinimumVisualStudioVersion = 10.0.40219.1
Project("{FAE04EC0-301F-11D3-BF4B-00C04F79EFBC}") = "Praktikum8", "Praktikum8.csproj", "{9BCAE9C7-C8DD-450D-B324-8506D5C96272}"
EndProject
Global
	GlobalSection(SolutionConfigurationPlatforms) = preSolution
		Debug|Any CPU = Debug|Any CPU
		Release|Any CPU = Release|Any CPU
	EndGlobalSection
	GlobalSection(ProjectConfigurationPlatforms) = postSolution
		{9BCAE9C7-C8DD-450D-B324-8506D5C96272}.Debug|Any CPU.ActiveCfg = Debug|Any CPU
		{9BCAE9C7-C8DD-450D-B324-8506D5C96272}.Debug|Any CPU.Build.0 = Debug|Any CPU
		{9BCAE9C7-C8DD-450D-B324-8506D5C96272}.Release|Any CPU.ActiveCfg = Release|Any CPU
		{9BCAE9C7-C8DD-450D-B324-8506D5C96272}.Release|Any CPU.Build.0 = Release|Any CPU
	EndGlobalSection
	GlobalSection(SolutionProperties) = preSolution
		HideSolutionNode = FALSE
	EndGlobalSection
	GlobalSection(ExtensibilityGlobals) = postSolution
		SolutionGuid = {A1B92EAB-F063-45E5-A111-8CC74C8E22CC}
	EndGlobalSection
EndGlobal
