
Microsoft Visual Studio Solution File, Format Version 12.00
# Visual Studio Version 16
VisualStudioVersion = 16.0.30621.155
MinimumVisualStudioVersion = 10.0.40219.1
Project("{FAE04EC0-301F-11D3-BF4B-00C04F79EFBC}") = "UebungsaufgabenWoche07", "UebungsaufgabenWoche07.csproj", "{106AE821-EE07-41E8-9725-693E0E1B5DCD}"
EndProject
Global
	GlobalSection(SolutionConfigurationPlatforms) = preSolution
		Debug|Any CPU = Debug|Any CPU
		Release|Any CPU = Release|Any CPU
	EndGlobalSection
	GlobalSection(ProjectConfigurationPlatforms) = postSolution
		{106AE821-EE07-41E8-9725-693E0E1B5DCD}.Debug|Any CPU.ActiveCfg = Debug|Any CPU
		{106AE821-EE07-41E8-9725-693E0E1B5DCD}.Debug|Any CPU.Build.0 = Debug|Any CPU
		{106AE821-EE07-41E8-9725-693E0E1B5DCD}.Release|Any CPU.ActiveCfg = Release|Any CPU
		{106AE821-EE07-41E8-9725-693E0E1B5DCD}.Release|Any CPU.Build.0 = Release|Any CPU
	EndGlobalSection
	GlobalSection(SolutionProperties) = preSolution
		HideSolutionNode = FALSE
	EndGlobalSection
	GlobalSection(ExtensibilityGlobals) = postSolution
		SolutionGuid = {91ACB7D0-1925-4D05-9997-0FBF14644D30}
	EndGlobalSection
EndGlobal
