
Microsoft Visual Studio Solution File, Format Version 12.00
# Visual Studio Version 16
VisualStudioVersion = 16.0.30907.101
MinimumVisualStudioVersion = 10.0.40219.1
Project("{FAE04EC0-301F-11D3-BF4B-00C04F79EFBC}") = "ProbeKlausur_SoSe_18", "ProbeKlausur_SoSe_18.csproj", "{37CF52AF-2C57-4E01-8F77-FEE4C878DCE3}"
EndProject
Global
	GlobalSection(SolutionConfigurationPlatforms) = preSolution
		Debug|Any CPU = Debug|Any CPU
		Release|Any CPU = Release|Any CPU
	EndGlobalSection
	GlobalSection(ProjectConfigurationPlatforms) = postSolution
		{37CF52AF-2C57-4E01-8F77-FEE4C878DCE3}.Debug|Any CPU.ActiveCfg = Debug|Any CPU
		{37CF52AF-2C57-4E01-8F77-FEE4C878DCE3}.Debug|Any CPU.Build.0 = Debug|Any CPU
		{37CF52AF-2C57-4E01-8F77-FEE4C878DCE3}.Release|Any CPU.ActiveCfg = Release|Any CPU
		{37CF52AF-2C57-4E01-8F77-FEE4C878DCE3}.Release|Any CPU.Build.0 = Release|Any CPU
	EndGlobalSection
	GlobalSection(SolutionProperties) = preSolution
		HideSolutionNode = FALSE
	EndGlobalSection
	GlobalSection(ExtensibilityGlobals) = postSolution
		SolutionGuid = {18A0928B-9797-480B-BB5E-26CEEBB296D4}
	EndGlobalSection
EndGlobal
