
Microsoft Visual Studio Solution File, Format Version 12.00
# Visual Studio Version 16
VisualStudioVersion = 16.0.30621.155
MinimumVisualStudioVersion = 10.0.40219.1
Project("{FAE04EC0-301F-11D3-BF4B-00C04F79EFBC}") = "Praktikum6", "Praktikum6.csproj", "{3042FE9A-07BA-4939-B56A-FB3E4A52207C}"
EndProject
Global
	GlobalSection(SolutionConfigurationPlatforms) = preSolution
		Debug|Any CPU = Debug|Any CPU
		Release|Any CPU = Release|Any CPU
	EndGlobalSection
	GlobalSection(ProjectConfigurationPlatforms) = postSolution
		{3042FE9A-07BA-4939-B56A-FB3E4A52207C}.Debug|Any CPU.ActiveCfg = Debug|Any CPU
		{3042FE9A-07BA-4939-B56A-FB3E4A52207C}.Debug|Any CPU.Build.0 = Debug|Any CPU
		{3042FE9A-07BA-4939-B56A-FB3E4A52207C}.Release|Any CPU.ActiveCfg = Release|Any CPU
		{3042FE9A-07BA-4939-B56A-FB3E4A52207C}.Release|Any CPU.Build.0 = Release|Any CPU
	EndGlobalSection
	GlobalSection(SolutionProperties) = preSolution
		HideSolutionNode = FALSE
	EndGlobalSection
	GlobalSection(ExtensibilityGlobals) = postSolution
		SolutionGuid = {965DF097-4289-43A2-B11E-ACC59CC6BA31}
	EndGlobalSection
EndGlobal
