
Microsoft Visual Studio Solution File, Format Version 12.00
# Visual Studio Version 16
VisualStudioVersion = 16.0.30804.86
MinimumVisualStudioVersion = 10.0.40219.1
Project("{FAE04EC0-301F-11D3-BF4B-00C04F79EFBC}") = "Klausur_WiSe17_18", "Klausur_WiSe17_18.csproj", "{8B9E5817-0582-470D-B7C1-5169A3D69E3B}"
EndProject
Global
	GlobalSection(SolutionConfigurationPlatforms) = preSolution
		Debug|Any CPU = Debug|Any CPU
		Release|Any CPU = Release|Any CPU
	EndGlobalSection
	GlobalSection(ProjectConfigurationPlatforms) = postSolution
		{8B9E5817-0582-470D-B7C1-5169A3D69E3B}.Debug|Any CPU.ActiveCfg = Debug|Any CPU
		{8B9E5817-0582-470D-B7C1-5169A3D69E3B}.Debug|Any CPU.Build.0 = Debug|Any CPU
		{8B9E5817-0582-470D-B7C1-5169A3D69E3B}.Release|Any CPU.ActiveCfg = Release|Any CPU
		{8B9E5817-0582-470D-B7C1-5169A3D69E3B}.Release|Any CPU.Build.0 = Release|Any CPU
	EndGlobalSection
	GlobalSection(SolutionProperties) = preSolution
		HideSolutionNode = FALSE
	EndGlobalSection
	GlobalSection(ExtensibilityGlobals) = postSolution
		SolutionGuid = {48BFB889-935E-490F-8463-E9D29551CEA3}
	EndGlobalSection
EndGlobal
