
Microsoft Visual Studio Solution File, Format Version 12.00
# Visual Studio Version 16
VisualStudioVersion = 16.0.30621.155
MinimumVisualStudioVersion = 10.0.40219.1
Project("{FAE04EC0-301F-11D3-BF4B-00C04F79EFBC}") = "Praktikum3", "Praktikum3.csproj", "{0194D9D9-DCB1-4453-9015-43DED70416D5}"
EndProject
Global
	GlobalSection(SolutionConfigurationPlatforms) = preSolution
		Debug|Any CPU = Debug|Any CPU
		Release|Any CPU = Release|Any CPU
	EndGlobalSection
	GlobalSection(ProjectConfigurationPlatforms) = postSolution
		{0194D9D9-DCB1-4453-9015-43DED70416D5}.Debug|Any CPU.ActiveCfg = Debug|Any CPU
		{0194D9D9-DCB1-4453-9015-43DED70416D5}.Debug|Any CPU.Build.0 = Debug|Any CPU
		{0194D9D9-DCB1-4453-9015-43DED70416D5}.Release|Any CPU.ActiveCfg = Release|Any CPU
		{0194D9D9-DCB1-4453-9015-43DED70416D5}.Release|Any CPU.Build.0 = Release|Any CPU
	EndGlobalSection
	GlobalSection(SolutionProperties) = preSolution
		HideSolutionNode = FALSE
	EndGlobalSection
	GlobalSection(ExtensibilityGlobals) = postSolution
		SolutionGuid = {AE1B90A8-FFAC-41C4-B7F0-2167330D03D9}
	EndGlobalSection
EndGlobal
